
Microsoft Visual Studio Solution File, Format Version 12.00
# Visual Studio 15
VisualStudioVersion = 15.0.27004.2002
MinimumVisualStudioVersion = 10.0.40219.1
Project("{FAE04EC0-301F-11D3-BF4B-00C04F79EFBC}") = "PlayingAroundSimpleHashTable", "PlayingAroundSimpleHashTable\PlayingAroundSimpleHashTable.csproj", "{D5376D02-1463-41B8-BE9A-AEEA87C4AEAE}"
EndProject
Project("{FAE04EC0-301F-11D3-BF4B-00C04F79EFBC}") = "PlayingAroundDataStructure", "PlayingAroundDataStructure\PlayingAroundDataStructure.csproj", "{1B1A5DBC-75A8-49D9-92CB-E3BC4D2D28C1}"
EndProject
Global
	GlobalSection(SolutionConfigurationPlatforms) = preSolution
		Debug|Any CPU = Debug|Any CPU
		Release|Any CPU = Release|Any CPU
	EndGlobalSection
	GlobalSection(ProjectConfigurationPlatforms) = postSolution
		{D5376D02-1463-41B8-BE9A-AEEA87C4AEAE}.Debug|Any CPU.ActiveCfg = Debug|Any CPU
		{D5376D02-1463-41B8-BE9A-AEEA87C4AEAE}.Debug|Any CPU.Build.0 = Debug|Any CPU
		{D5376D02-1463-41B8-BE9A-AEEA87C4AEAE}.Release|Any CPU.ActiveCfg = Release|Any CPU
		{D5376D02-1463-41B8-BE9A-AEEA87C4AEAE}.Release|Any CPU.Build.0 = Release|Any CPU
		{1B1A5DBC-75A8-49D9-92CB-E3BC4D2D28C1}.Debug|Any CPU.ActiveCfg = Debug|Any CPU
		{1B1A5DBC-75A8-49D9-92CB-E3BC4D2D28C1}.Debug|Any CPU.Build.0 = Debug|Any CPU
		{1B1A5DBC-75A8-49D9-92CB-E3BC4D2D28C1}.Release|Any CPU.ActiveCfg = Release|Any CPU
		{1B1A5DBC-75A8-49D9-92CB-E3BC4D2D28C1}.Release|Any CPU.Build.0 = Release|Any CPU
	EndGlobalSection
	GlobalSection(SolutionProperties) = preSolution
		HideSolutionNode = FALSE
	EndGlobalSection
	GlobalSection(ExtensibilityGlobals) = postSolution
		SolutionGuid = {94EA3B03-E510-451A-BB9F-B0D590B60CAC}
	EndGlobalSection
EndGlobal
